# This file is generated by Candor's resolver (design 0017 §6).
# It pins the exact resolved dependency set for reproducible builds.

[[package]]
name = "app"
version = "0.1.0"
edition = "2026"
content_hash = "9baa32d1588db20e04e978c40bf073840dd59d1130294ea8446f305f0d63b40a"

[package.trust]
boundary_modules = 0
externs = 0
unsafe_regions = 0

[package.source]
path = "."

[[package]]
name = "b"
version = "0.1.0"
edition = "2026"
content_hash = "1c4c2d7fd4fd3abd8c375982523f2e88b7ee1123ccefbae939030d443b83f01a"

[package.trust]
boundary_modules = 0
externs = 0
unsafe_regions = 0

[package.source]
path = "../b"
