# This file is generated by Candor's resolver (design 0017 §6).
# It pins the exact resolved dependency set for reproducible builds.

[[package]]
name = "audit_app"
version = "0.1.0"
edition = "2026"
content_hash = "665273abc3cbdaf8451817375477e2148e0eb3da0360ca1993575669f36eed8a"

[package.trust]
boundary_modules = 0
externs = 0
unsafe_regions = 0

[package.source]
path = "."

[[package]]
name = "b"
version = "0.2.0"
edition = "2026"
content_hash = "569d878f694b97a74ba0296a92dbf1d1898b6f209ae5b70d59b9797cd7c73e97"

[package.trust]
boundary_modules = 1
externs = 1
unsafe_regions = 1

[package.source]
path = "../audit_b"

[[package]]
name = "c"
version = "0.3.0"
edition = "2026"
content_hash = "f96e7b08b9f6e2c04c5371c00013812d5e82f1ed1c384509e423ab3113ef9349"

[package.trust]
boundary_modules = 1
externs = 1
unsafe_regions = 1

[package.source]
path = "../audit_c"
